{
  "name": "generate_tsne_plots_online",
  "version": "1.0.0",
  "lockfileVersion": 1,
  "requires": true,
  "dependencies": {
    "bootstrap": {
      "version": "3.3.7",
      "resolved": "https://registry.npmjs.org/bootstrap/-/bootstrap-3.3.7.tgz",
      "integrity": "sha1-WjiTlFSfIzMIdaOxUGVldPip63E="
    },
    "bootstrap-colorpicker": {
      "version": "2.5.2",
      "resolved": "https://registry.npmjs.org/bootstrap-colorpicker/-/bootstrap-colorpicker-2.5.2.tgz",
      "integrity": "sha512-krzBno9AMUwI2+IDwMvjnpqpa2f8womW0CCKmEcxGzVkolCFrt22jjMjzx1NZqB8C1DUdNgZP4LfyCsgpHRiYA==",
      "requires": {
        "jquery": "3.3.1"
      }
    },
    "bootstrap-select": {
      "version": "1.13.0",
      "resolved": "https://registry.npmjs.org/bootstrap-select/-/bootstrap-select-1.13.0.tgz",
      "integrity": "sha1-8x0KI/xgcP1bF7hBvxyhFc5Ud1s="
    },
    "jquery": {
      "version": "3.3.1",
      "resolved": "https://registry.npmjs.org/jquery/-/jquery-3.3.1.tgz",
      "integrity": "sha512-Ubldcmxp5np52/ENotGxlLe6aGMvmF4R8S6tZjsP6Knsaxd/xp3Zrh50cG93lR6nPXyUFwzN3ZSOQI0wRJNdGg=="
    }
  }
}
